
Microsoft Visual Studio Solution File, Format Version 12.00
# Visual Studio Version 17
VisualStudioVersion = 17.0.31717.71
MinimumVisualStudioVersion = 10.0.40219.1
Project("{9A19103F-16F7-4668-BE54-9A1E7A4F7556}") = "Mud_QLCF", "Mud_QLCF.csproj", "{69A8E068-498D-4100-9DF9-968FF664DC5C}"
EndProject
Global
	GlobalSection(SolutionConfigurationPlatforms) = preSolution
		Debug|Any CPU = Debug|Any CPU
		Release|Any CPU = Release|Any CPU
	EndGlobalSection
	GlobalSection(ProjectConfigurationPlatforms) = postSolution
		{69A8E068-498D-4100-9DF9-968FF664DC5C}.Debug|Any CPU.ActiveCfg = Debug|Any CPU
		{69A8E068-498D-4100-9DF9-968FF664DC5C}.Debug|Any CPU.Build.0 = Debug|Any CPU
		{69A8E068-498D-4100-9DF9-968FF664DC5C}.Release|Any CPU.ActiveCfg = Release|Any CPU
		{69A8E068-498D-4100-9DF9-968FF664DC5C}.Release|Any CPU.Build.0 = Release|Any CPU
	EndGlobalSection
	GlobalSection(SolutionProperties) = preSolution
		HideSolutionNode = FALSE
	EndGlobalSection
	GlobalSection(ExtensibilityGlobals) = postSolution
		SolutionGuid = {EE2DE055-FC14-49F0-8EA2-01C611485171}
	EndGlobalSection
EndGlobal